
Microsoft Visual Studio Solution File, Format Version 12.00
# Visual Studio Version 17
VisualStudioVersion = 17.4.33403.182
MinimumVisualStudioVersion = 10.0.40219.1
Project("{FAE04EC0-301F-11D3-BF4B-00C04F79EFBC}") = "DiscordBot2.0", "DiscordBot2.0\DiscordBot2.0.csproj", "{87397468-B2BD-4104-8213-8EE364459720}"
EndProject
Global
	GlobalSection(SolutionConfigurationPlatforms) = preSolution
		Debug|Any CPU = Debug|Any CPU
		Release|Any CPU = Release|Any CPU
	EndGlobalSection
	GlobalSection(ProjectConfigurationPlatforms) = postSolution
		{87397468-B2BD-4104-8213-8EE364459720}.Debug|Any CPU.ActiveCfg = Debug|Any CPU
		{87397468-B2BD-4104-8213-8EE364459720}.Debug|Any CPU.Build.0 = Debug|Any CPU
		{87397468-B2BD-4104-8213-8EE364459720}.Release|Any CPU.ActiveCfg = Release|Any CPU
		{87397468-B2BD-4104-8213-8EE364459720}.Release|Any CPU.Build.0 = Release|Any CPU
	EndGlobalSection
	GlobalSection(SolutionProperties) = preSolution
		HideSolutionNode = FALSE
	EndGlobalSection
	GlobalSection(ExtensibilityGlobals) = postSolution
		SolutionGuid = {8B5EC36C-E779-4F05-814A-F2DB00771FF7}
	EndGlobalSection
EndGlobal
